github.com/cenkalti/backoff/v4 v4.3.0 h1:MyRJ/UdXutAwSAT+s3wNd7MfTIcy71VQueUuFK343L8=
github.com/cenkalti/backoff/v4 v4.3.0/go.mod h1:Y3VNntkOUPxTVeUxJ/G5vcM//AlwfmyYozVcomhLiZE=
github.com/davecgh/go-spew v1.1.0/go.mod h1:J7Y8YcW2NihsgmVo/mv3lAwl/skON4iLHjSsI+c5H38=
github.com/davecgh/go-spew v1.1.1 h1:vj9j/u1bqnvCEfJOwUhtlOARqs3+rkHYY13jYWTU97c=
github.com/davecgh/go-spew v1.1.1/go.mod h1:J7Y8YcW2NihsgmVo/mv3lAwl/skON4iLHjSsI+c5H38=
github.com/go-logr/logr v1.2.2/go.mod h1:jdQByPbusPIv2/zmleS9BjJVeZ6kBagPoEUsqbVz/1A=
github.com/go-logr/logr v1.4.2 h1:6pFjapn8bFcIbiKo3XT4j/BhANplGihG6tvd+8rYgrY=
github.com/go-logr/logr v1.4.2/go.mod h1:9T104GzyrTigFIr8wt5mBrctHMim0Nb2HLGrmQ40KvY=
github.com/go-logr/stdr v1.2.2 h1:hSWxHoqTgW2S2qGc0LTAI563KZ5YKYRhT3MFKZMbjag=
github.com/go-logr/stdr v1.2.2/go.mod h1:mMo/vtBO5dYbehREoey6XUKy/eSumjCCveDpRre4VKE=
github.com/go-ole/go-ole v1.2.6/go.mod h1:pprOEPIfldk/42T2oK7lQ4v4JSDwmV0As9GaiUsvbm0=
github.com/go-ole/go-ole v1.3.0 h1:Dt6ye7+vXGIKZ7Xtk4s6/xVdGDQynvom7xCFEdWr6uE=
github.com/go-ole/go-ole v1.3.0/go.mod h1:5LS6F96DhAwUc7C+1HLexzMXY1xGRSryjyPPKW6zv78=
github.com/google/go-cmp v0.5.6/go.mod h1:v8dTdLbMG2kIc/vJvl+f65V22dbkXbowE6jgT/gNBxE=
github.com/google/go-cmp v0.5.9/go.mod h1:17dUlkBOakJ0+DkrSSNjCkIjxS6bF9zb3elmeNGIjoY=
github.com/google/go-cmp v0.6.0 h1:ofyhxvXcZhMsU5ulbFiLKl/XBFqE1GSq7atu8tAmTRI=
github.com/google/go-cmp v0.6.0/go.mod h1:17dUlkBOakJ0+DkrSSNjCkIjxS6bF9zb3elmeNGIjoY=
github.com/google/uuid v1.6.0 h1:NIvaJDMOsjHA8n1jAhLSgzrAzy1Hgr+hNrb57e+94F0=
github.com/google/uuid v1.6.0/go.mod h1:TIyPZe4MgqvfeYDBFedMoGGpEw/LqOeaOT+nhxU+yHo=
github.com/grpc-ecosystem/grpc-gateway/v2 v2.19.1 h1:/c3QmbOGMGTOumP2iT/rCwB7b0QDGLKzqOmktBjT+Is=
github.com/grpc-ecosystem/grpc-gateway/v2 v2.19.1/go.mod h1:5SN9VR2LTsRFsrEC6FHgRbTWrTHu6tqPeKxEQv15giM=
github.com/honeycombio/otel-config-go v1.15.0 h1:wUiYG2gGaQEmyZeMMLCb14bx1DR/rxOylkZ05YWN1Jg=
github.com/honeycombio/otel-config-go v1.15.0/go.mod h1:9s9M2qozR0OfVCvTMEQBLMglo1SzuRTxulsU0i/NIkA=
github.com/kr/pretty v0.3.1 h1:flRD4NNwYAUpkphVc1HcthR4KEIFJ65n8Mw5qdRn3LE=
github.com/kr/pretty v0.3.1/go.mod h1:hoEshYVHaxMs3cyo3Yncou5ZscifuDolrwPKZanG3xk=
github.com/kr/text v0.2.0 h1:5Nx0Ya0ZqY2ygV366QzturHI13Jq95ApcVaJBhpS+AY=
github.com/kr/text v0.2.0/go.mod h1:eLer722TekiGuMkidMxC/pM04lWEeraHUUmBw8l2grE=
github.com/lufia/plan9stats v0.0.0-20211012122336-39d0f177ccd0/go.mod h1:zJYVVT2jmtg6P3p1VtQj7WsuWi/y4VnjVBn7F8KPB3I=
github.com/lufia/plan9stats v0.0.0-20240408141607-282e7b5d6b74 h1:1KuuSOy4ZNgW0KA2oYIngXVFhQcXxhLqCVK7cBcldkk=
github.com/lufia/plan9stats v0.0.0-20240408141607-282e7b5d6b74/go.mod h1:ilwx/Dta8jXAgpFYFvSWEMwxmbWXyiUHkd5FwyKhb5k=
github.com/pmezard/go-difflib v1.0.0 h1:4DBwDE0NGyQoBHbLQYPwSUPoCMWR5BEzIk/f1lZbAQM=
github.com/pmezard/go-difflib v1.0.0/go.mod h1:iKH77koFhYxTK1pcRnkKkqfTogsbg7gZNVY4sRDYZ/4=
github.com/power-devops/perfstat v0.0.0-20210106213030-5aafc221ea8c/go.mod h1:OmDBASR4679mdNQnz2pUhc2G8CO2JrUAVFDRBDP/hJE=
github.com/power-devops/perfstat v0.0.0-20240221224432-82ca36839d55 h1:o4JXh1EVt9k/+g42oCprj/FisM4qX9L3sZB3upGN2ZU=
github.com/power-devops/perfstat v0.0.0-20240221224432-82ca36839d55/go.mod h1:OmDBASR4679mdNQnz2pUhc2G8CO2JrUAVFDRBDP/hJE=
github.com/rogpeppe/go-internal v1.11.0 h1:cWPaGQEPrBb5/AsnsZesgZZ9yb1OQ+GOISoDNXVBh4M=
github.com/rogpeppe/go-internal v1.11.0/go.mod h1:ddIwULY96R17DhadqLgMfk9H9tvdUzkipdSkR5nkCZA=
github.com/sethvargo/go-envconfig v0.9.0 h1:Q6FQ6hVEeTECULvkJZakq3dZMeBQ3JUpcKMfPQbKMDE=
github.com/sethvargo/go-envconfig v0.9.0/go.mod h1:Iz1Gy1Sf3T64TQlJSvee81qDhf7YIlt8GMUX6yyNFs0=
github.com/shirou/gopsutil/v3 v3.24.3 h1:eoUGJSmdfLzJ3mxIhmOAhgKEKgQkeOwKpz1NbhVnuPE=
github.com/shirou/gopsutil/v3 v3.24.3/go.mod h1:JpND7O217xa72ewWz9zN2eIIkPWsDN/3pl0H8Qt0uwg=
github.com/shoenig/go-m1cpu v0.1.6 h1:nxdKQNcEB6vzgA2E2bvzKIYRuNj7XNJ4S/aRSwKzFtM=
github.com/shoenig/go-m1cpu v0.1.6/go.mod h1:1JJMcUBvfNwpq05QDQVAnx3gUHr9IYF7GNg9SUEw2VQ=
github.com/shoenig/test v0.6.4 h1:kVTaSd7WLz5WZ2IaoM0RSzRsUD+m8wRR+5qvntpn4LU=
github.com/shoenig/test v0.6.4/go.mod h1:byHiCGXqrVaflBLAMq/srcZIHynQPQgeyvkvXnjqq0k=
github.com/stretchr/objx v0.1.0/go.mod h1:HFkY916IF+rwdDfMAkV7OtwuqBVzrE8GR6GFx+wExME=
github.com/stretchr/objx v0.4.0/go.mod h1:YvHI0jy2hoMjB+UWwv71VJQ9isScKT/TqJzVSSt89Yw=
github.com/stretchr/objx v0.5.0/go.mod h1:Yh+to48EsGEfYuaHDzXPcE3xhTkx73EhmCGUpEOglKo=
github.com/stretchr/objx v0.5.2/go.mod h1:FRsXN1f5AsAjCGJKqEizvkpNtU+EGNCLh3NxZ/8L+MA=
github.com/stretchr/testify v1.7.1/go.mod h1:6Fq8oRcR53rry900zMqJjRRixrwX3KX962/h/Wwjteg=
github.com/stretchr/testify v1.8.0/go.mod h1:yNjHg4UonilssWZ8iaSj1OCr/vHnekPRkoO+kdMU+MU=
github.com/stretchr/testify v1.8.4/go.mod h1:sz/lmYIOXD/1dqDmKjjqLyZ2RngseejIcXlSw2iwfAo=
github.com/stretchr/testify v1.9.0 h1:HtqpIVDClZ4nwg75+f6Lvsy/wHu+3BoSGCbBAcpTsTg=
github.com/stretchr/testify v1.9.0/go.mod h1:r2ic/lqez/lEtzL7wO/rwa5dbSLXVDPFyf8C91i36aY=
github.com/tklauser/go-sysconf v0.3.12/go.mod h1:Ho14jnntGE1fpdOqQEEaiKRpvIavV0hSfmBq8nJbHYI=
github.com/tklauser/go-sysconf v0.3.13 h1:GBUpcahXSpR2xN01jhkNAbTLRk2Yzgggk8IM08lq3r4=
github.com/tklauser/go-sysconf v0.3.13/go.mod h1:zwleP4Q4OehZHGn4CYZDipCgg9usW5IJePewFCGVEa0=
github.com/tklauser/numcpus v0.6.1/go.mod h1:1XfjsgE2zo8GVw7POkMbHENHzVg3GzmoZ9fESEdAacY=
github.com/tklauser/numcpus v0.7.0 h1:yjuerZP127QG9m5Zh/mSO4wqurYil27tHrqwRoRjpr4=
github.com/tklauser/numcpus v0.7.0/go.mod h1:bb6dMVcj8A42tSE7i32fsIUCbQNllK5iDguyOZRUzAY=
github.com/yusufpapurcu/wmi v1.2.4 h1:zFUKzehAFReQwLys1b/iSMl+JQGSCSjtVqQn9bBrPo0=
github.com/yusufpapurcu/wmi v1.2.4/go.mod h1:SBZ9tNy3G9/m5Oi98Zks0QjeHVDvuK0qfxQmPyzfmi0=
go.opentelemetry.io/contrib/detectors/aws/lambda v0.50.0 h1:oQ6efIH7uVEFjMD8dc3Nvf9iVgRiDeKNuBOXwpFkWFI=
go.opentelemetry.io/contrib/detectors/aws/lambda v0.50.0/go.mod h1:STy//KhfG8W+us6VG0itPeQWVUR6ODaGOwvfBdY1WVM=
go.opentelemetry.io/contrib/instrumentation/host v0.50.0 h1:yKknCHYNj2pks9t6uijR+g7tQ/yfSwlZnY8BM0wq92E=
go.opentelemetry.io/contrib/instrumentation/host v0.50.0/go.mod h1:u3JyxgMGuT1Lp8g0j3pmWsVXA9KTX3OFrRqLH3hyoME=
go.opentelemetry.io/contrib/instrumentation/runtime v0.50.0 h1:6dck47miguAOny5MeqX1G8idd+HpzDFt86U33d7aW2I=
go.opentelemetry.io/contrib/instrumentation/runtime v0.50.0/go.mod h1:rdPhRwNd2sHiRmwJAGs8xcwitqmP/j8pvl9X5jloYjU=
go.opentelemetry.io/contrib/processors/baggage/baggagetrace v0.0.0-20240508140322-077e60990642 h1:zkHgBq5jbXtm0KQnZ4v20Co+I6rWI2qcN3UJhqinK3c=
go.opentelemetry.io/contrib/processors/baggage/baggagetrace v0.0.0-20240508140322-077e60990642/go.mod h1:UcoljQLXr6q6mGhJtAm199ieZRndJYkJDAd0Iut7IUU=
go.opentelemetry.io/contrib/propagators/b3 v1.25.0 h1:QU8UEKyPqgr/8vCC9LlDmkPnfFmiWAUF9GtJdcLz+BU=
go.opentelemetry.io/contrib/propagators/b3 v1.25.0/go.mod h1:qonC7wyvtX1E6cEpAR+bJmhcGr6IVRGc/f6ZTpvi7jA=
go.opentelemetry.io/contrib/propagators/ot v1.25.0 h1:9+54ye9caWA5XplhJoN6E8ECDKGeEsw/mqR4BIuZUfg=
go.opentelemetry.io/contrib/propagators/ot v1.25.0/go.mod h1:Fn0a9xFTClSSwNLpS1l0l55PkLHzr70RYlu+gUsPhHo=
go.opentelemetry.io/otel v1.28.0 h1:/SqNcYk+idO0CxKEUOtKQClMK/MimZihKYMruSMViUo=
go.opentelemetry.io/otel v1.28.0/go.mod h1:q68ijF8Fc8CnMHKyzqL6akLO46ePnjkgfIMIjUIX9z4=
go.opentelemetry.io/otel/exporters/otlp/otlpmetric/otlpmetricgrpc v1.25.0 h1:hDKnobznDpcdTlNzO0S/owRB8tyVr1OoeZZhDoqY+Cs=
go.opentelemetry.io/otel/exporters/otlp/otlpmetric/otlpmetricgrpc v1.25.0/go.mod h1:kUDQaUs1h8iTIHbQTk+iJRiUvSfJYMMKTtMCaiVu7B0=
go.opentelemetry.io/otel/exporters/otlp/otlpmetric/otlpmetrichttp v1.25.0 h1:Wc4hZuYXhVqq+TfRXLXlmNIL/awOanGx8ssq3ciDQxc=
go.opentelemetry.io/otel/exporters/otlp/otlpmetric/otlpmetrichttp v1.25.0/go.mod h1:BydOvapRqVEc0DVz27qWBX2jq45Ca5TI9mhZBDIdweY=
go.opentelemetry.io/otel/exporters/otlp/otlptrace v1.25.0 h1:dT33yIHtmsqpixFsSQPwNeY5drM9wTcoL8h0FWF4oGM=
go.opentelemetry.io/otel/exporters/otlp/otlptrace v1.25.0/go.mod h1:h95q0LBGh7hlAC08X2DhSeyIG02YQ0UyioTCVAqRPmc=
go.opentelemetry.io/otel/exporters/otlp/otlptrace/otlptracegrpc v1.25.0 h1:vOL89uRfOCCNIjkisd0r7SEdJF3ZJFyCNY34fdZs8eU=
go.opentelemetry.io/otel/exporters/otlp/otlptrace/otlptracegrpc v1.25.0/go.mod h1:8GlBGcDk8KKi7n+2S4BT/CPZQYH3erLu0/k64r1MYgo=
go.opentelemetry.io/otel/exporters/otlp/otlptrace/otlptracehttp v1.25.0 h1:Mbi5PKN7u322woPa85d7ebZ+SOvEoPvoiBu+ryHWgfA=
go.opentelemetry.io/otel/exporters/otlp/otlptrace/otlptracehttp v1.25.0/go.mod h1:e7ciERRhZaOZXVjx5MiL8TK5+Xv7G5Gv5PA2ZDEJdL8=
go.opentelemetry.io/otel/exporters/stdout/stdouttrace v1.28.0 h1:EVSnY9JbEEW92bEkIYOVMw4q1WJxIAGoFTrtYOzWuRQ=
go.opentelemetry.io/otel/exporters/stdout/stdouttrace v1.28.0/go.mod h1:Ea1N1QQryNXpCD0I1fdLibBAIpQuBkznMmkdKrapk1Y=
go.opentelemetry.io/otel/metric v1.28.0 h1:f0HGvSl1KRAU1DLgLGFjrwVyismPlnuU6JD6bOeuA5Q=
go.opentelemetry.io/otel/metric v1.28.0/go.mod h1:Fb1eVBFZmLVTMb6PPohq3TO9IIhUisDsbJoL/+uQW4s=
go.opentelemetry.io/otel/sdk v1.28.0 h1:b9d7hIry8yZsgtbmM0DKyPWMMUMlK9NEKuIG4aBqWyE=
go.opentelemetry.io/otel/sdk v1.28.0/go.mod h1:oYj7ClPUA7Iw3m+r7GeEjz0qckQRJK2B8zjcZEfu7Pg=
go.opentelemetry.io/otel/sdk/metric v1.25.0 h1:7CiHOy08LbrxMAp4vWpbiPcklunUshVpAvGBrdDRlGw=
go.opentelemetry.io/otel/sdk/metric v1.25.0/go.mod h1:LzwoKptdbBBdYfvtGCzGwk6GWMA3aUzBOwtQpR6Nz7o=
go.opentelemetry.io/otel/trace v1.28.0 h1:GhQ9cUuQGmNDd5BTCP2dAvv75RdMxEfTmYejp+lkx9g=
go.opentelemetry.io/otel/trace v1.28.0/go.mod h1:jPyXzNPg6da9+38HEwElrQiHlVMTnVfM3/yv2OlIHaI=
go.opentelemetry.io/proto/otlp v1.2.0 h1:pVeZGk7nXDC9O2hncA6nHldxEjm6LByfA2aN8IOkz94=
go.opentelemetry.io/proto/otlp v1.2.0/go.mod h1:gGpR8txAl5M03pDhMC79G6SdqNV26naRm/KDsgaHD8A=
go.uber.org/goleak v1.3.0 h1:2K3zAYmnTNqV73imy9J1T3WC+gmCePx2hEGkimedGto=
go.uber.org/goleak v1.3.0/go.mod h1:CoHD4mav9JJNrW/WLlf7HGZPjdw8EucARQHekz1X6bE=
go.uber.org/multierr v1.11.0 h1:blXXJkSxSSfBVBlC76pxqeO+LN3aDfLQo+309xJstO0=
go.uber.org/multierr v1.11.0/go.mod h1:20+QtiLqy0Nd6FdQB9TLXag12DsQkrbs3htMFfDN80Y=
golang.org/x/net v0.24.0 h1:1PcaxkF854Fu3+lvBIx5SYn9wRlBzzcnHZSiaFFAb0w=
golang.org/x/net v0.24.0/go.mod h1:2Q7sJY5mzlzWjKtYUEXSlBWCdyaioyXzRB2RtU8KVE8=
golang.org/x/sys v0.0.0-20190916202348-b4ddaad3f8a3/go.mod h1:h1NjWce9XRLGQEsW7wpKNCjG9DtNlClVuFLEZdDNbEs=
golang.org/x/sys v0.0.0-20201204225414-ed752295db88/go.mod h1:h1NjWce9XRLGQEsW7wpKNCjG9DtNlClVuFLEZdDNbEs=
golang.org/x/sys v0.1.0/go.mod h1:oPkhp1MJrh7nUepCBck5+mAzfO9JrbApNNgaTdGDITg=
golang.org/x/sys v0.8.0/go.mod h1:oPkhp1MJrh7nUepCBck5+mAzfO9JrbApNNgaTdGDITg=
golang.org/x/sys v0.11.0/go.mod h1:oPkhp1MJrh7nUepCBck5+mAzfO9JrbApNNgaTdGDITg=
golang.org/x/sys v0.18.0/go.mod h1:/VUhepiaJMQUp4+oa/7Zr1D23ma6VTLIYjOOTFZPUcA=
golang.org/x/sys v0.21.0 h1:rF+pYz3DAGSQAxAu1CbC7catZg4ebC4UIeIhKxBZvws=
golang.org/x/sys v0.21.0/go.mod h1:/VUhepiaJMQUp4+oa/7Zr1D23ma6VTLIYjOOTFZPUcA=
golang.org/x/text v0.14.0 h1:ScX5w1eTa3QqT8oi6+ziP7dTV1S2+ALU0bI+0zXKWiQ=
golang.org/x/text v0.14.0/go.mod h1:18ZOQIKpY8NJVqYksKHtTdi31H5itFRjB5/qKTNYzSU=
golang.org/x/xerrors v0.0.0-20191204190536-9bdfabe68543/go.mod h1:I/5z698sn9Ka8TeJc9MKroUUfqBBauWjQqLJ2OPfmY0=
google.golang.org/genproto/googleapis/api v0.0.0-20240401170217-c3f982113cda h1:b6F6WIV4xHHD0FA4oIyzU6mHWg2WI2X1RBehwa5QN38=
google.golang.org/genproto/googleapis/api v0.0.0-20240401170217-c3f982113cda/go.mod h1:AHcE/gZH76Bk/ROZhQphlRoWo5xKDEtz3eVEO1LfA8c=
google.golang.org/genproto/googleapis/rpc v0.0.0-20240401170217-c3f982113cda h1:LI5DOvAxUPMv/50agcLLoo+AdWc1irS9Rzz4vPuD1V4=
google.golang.org/genproto/googleapis/rpc v0.0.0-20240401170217-c3f982113cda/go.mod h1:WtryC6hu0hhx87FDGxWCDptyssuo68sk10vYjF+T9fY=
google.golang.org/grpc v1.63.2 h1:MUeiw1B2maTVZthpU5xvASfTh3LDbxHd6IJ6QQVU+xM=
google.golang.org/grpc v1.63.2/go.mod h1:WAX/8DgncnokcFUldAxq7GeB5DXHDbMF+lLvDomNkRA=
google.golang.org/protobuf v1.33.0 h1:uNO2rsAINq/JlFpSdYEKIZ0uKD/R9cpdv0T+yoGwGmI=
google.golang.org/protobuf v1.33.0/go.mod h1:c6P6GXX6sHbq/GpV6MGZEdwhWPcYBgnhAHhKbcUYpos=
gopkg.in/check.v1 v0.0.0-20161208181325-20d25e280405/go.mod h1:Co6ibVJAznAaIkqp8huTwlJQCZ016jof/cbN4VW5Yz0=
gopkg.in/check.v1 v1.0.0-20201130134442-10cb98267c6c h1:Hei/4ADfdWqJk1ZMxUNpqntNwaWcugrBjAiHlqqRiVk=
gopkg.in/check.v1 v1.0.0-20201130134442-10cb98267c6c/go.mod h1:JHkPIbrfpd72SG/EVd6muEfDQjcINNoR0C8j2r3qZ4Q=
gopkg.in/yaml.v3 v3.0.0-20200313102051-9f266ea9e77c/go.mod h1:K4uyk7z7BCEPqu6E+C64Yfv1cQ7kz7rIZviUmN+EgEM=
gopkg.in/yaml.v3 v3.0.1 h1:fxVm/GzAzEWqLHuvctI91KS9hhNmmWOoWu0XTYJS7CA=
gopkg.in/yaml.v3 v3.0.1/go.mod h1:K4uyk7z7BCEPqu6E+C64Yfv1cQ7kz7rIZviUmN+EgEM=
